{
  "name": "aisprite-studio",
  "version": "0.1.0",
  "lockfileVersion": 3,
  "requires": true,
  "packages": {
    "": {
      "name": "aisprite-studio",
      "version": "0.1.0",
      "dependencies": {
        "aibridgejs": "0.5.9",
        "aieventjs": "0.5.9",
        "aifsmjs": "0.5.9",
        "aipooljs": "0.5.9",
        "aispritejs": "0.5.9"
      },
      "engines": {
        "node": ">=22.12.0"
      }
    },
    "node_modules/aibridgejs": {
      "version": "0.5.9",
      "resolved": "https://registry.npmjs.org/aibridgejs/-/aibridgejs-0.5.9.tgz",
      "integrity": "sha512-VqlKzHfW0qZ1bB1mI+jkcQOUojoyYhZ+q1mwZRdSEYkPmefd37+DmC9GI4Z6H3V8C5DaiPbCCY46JUnwwTZ+wQ==",
      "license": "MIT",
      "engines": {
        "node": ">=18.0.0"
      }
    },
    "node_modules/aieventjs": {
      "version": "0.5.9",
      "resolved": "https://registry.npmjs.org/aieventjs/-/aieventjs-0.5.9.tgz",
      "integrity": "sha512-mNshfJmg6AMHfhePqU9EVICZieJlpOcOH4Qqvpi8qXw9iS8ZSd1Q48z6MzRfu3754+szvK7EZBuLAM1jHwzRfA==",
      "license": "MIT",
      "engines": {
        "node": ">=18.0.0"
      }
    },
    "node_modules/aifsmjs": {
      "version": "0.5.9",
      "resolved": "https://registry.npmjs.org/aifsmjs/-/aifsmjs-0.5.9.tgz",
      "integrity": "sha512-mA/hnVz6WkFZsRzzp9XiKf2G8M77uU7gxPti4RqC38FkmS+/E4818wkhJvqed8CivnNm9CZbiRpPhQqCCkzjcQ==",
      "license": "MIT",
      "engines": {
        "node": ">=18.0.0"
      },
      "peerDependencies": {
        "fast-check": "^3.20.0 || ^4.0.0"
      },
      "peerDependenciesMeta": {
        "fast-check": {
          "optional": true
        }
      }
    },
    "node_modules/aipooljs": {
      "version": "0.5.9",
      "resolved": "https://registry.npmjs.org/aipooljs/-/aipooljs-0.5.9.tgz",
      "integrity": "sha512-wmfCJw351nAP3PH7Giyzdp7erwBv/4S2q4wbQN5/LZ7m3UIzlTlC5YKK9OoSvlnUALUcLPWV5zJNO3RmzCscug==",
      "license": "MIT",
      "engines": {
        "node": ">=18.0.0"
      }
    },
    "node_modules/aispritejs": {
      "version": "0.5.9",
      "resolved": "https://registry.npmjs.org/aispritejs/-/aispritejs-0.5.9.tgz",
      "integrity": "sha512-El7l63ffeMcIJhBk7dd2WPaWgpoPyvVP7JYNLIzb8+1tZtHLk/NiNO1co0JHAiypOMkdDXtJta+TG08cVWWhKA==",
      "license": "MIT",
      "engines": {
        "node": ">=18.0.0"
      },
      "peerDependencies": {
        "pixi.js": "^8.0.0"
      },
      "peerDependenciesMeta": {
        "pixi.js": {
          "optional": true
        }
      }
    }
  }
}
